// !$*UTF8*$!
{
	archiveVersion = 1;
	classes = {
	};
	objectVersion = 77;
	objects = {

/* Begin PBXContainerItemProxy section */
		C8AE11AB2DB275AD00B29E7E /* PBXContainerItemProxy */ = {
			isa = PBXContainerItemProxy;
			containerPortal = C8AE11952DB275AC00B29E7E /* Project object */;
			proxyType = 1;
			remoteGlobalIDString = C8AE119C2DB275AC00B29E7E;
			remoteInfo = FFClips;
		};
		C8AE11B52DB275AD00B29E7E /* PBXContainerItemProxy */ = {
			isa = PBXContainerItemProxy;
			containerPortal = C8AE11952DB275AC00B29E7E /* Project object */;
			proxyType = 1;
			remoteGlobalIDString = C8AE119C2DB275AC00B29E7E;
			remoteInfo = FFClips;
		};
/* End PBXContainerItemProxy section */

/* Begin PBXFileReference section */
		C8AE119D2DB275AC00B29E7E /* FFClips.app */ = {isa = PBXFileReference; explicitFileType = wrapper.application; includeInIndex = 0; path = FFClips.app; sourceTree = BUILT_PRODUCTS_DIR; };
		C8AE11AA2DB275AD00B29E7E /* FFClipsTests.xctest */ = {isa = PBXFileReference; explicitFileType = wrapper.cfbundle; includeInIndex = 0; path = FFClipsTests.xctest; sourceTree = BUILT_PRODUCTS_DIR; };
		C8AE11B42DB275AD00B29E7E /* FFClipsUITests.xctest */ = {isa = PBXFileReference; explicitFileType = wrapper.cfbundle; includeInIndex = 0; path = FFClipsUITests.xctest; sourceTree = BUILT_PRODUCTS_DIR; };
/* End PBXFileReference section */

/* Begin PBXFileSystemSynchronizedRootGroup section */
		C8AE119F2DB275AC00B29E7E /* FFClips */ = {
			isa = PBXFileSystemSynchronizedRootGroup;
			path = FFClips;
			sourceTree = "<group>";
		};
		C8AE11AD2DB275AD00B29E7E /* FFClipsTests */ = {
			isa = PBXFileSystemSynchronizedRootGroup;
			path = FFClipsTests;
			sourceTree = "<group>";
		};
		C8AE11B72DB275AD00B29E7E /* FFClipsUITests */ = {
			isa = PBXFileSystemSynchronizedRootGroup;
			path = FFClipsUITests;
			sourceTree = "<group>";
		};
/* End PBXFileSystemSynchronizedRootGroup section */

/* Begin PBXFrameworksBuildPhase section */
		C8AE119A2DB275AC00B29E7E /* Frameworks */ = {
			isa = PBXFrameworksBuildPhase;
			buildActionMask = 2147483647;
			files = (
			);
			runOnlyForDeploymentPostprocessing = 0;
		};
		C8AE11A72DB275AD00B29E7E /* Frameworks */ = {
			isa = PBXFrameworksBuildPhase;
			buildActionMask = 2147483647;
			files = (
			);
			runOnlyForDeploymentPostprocessing = 0;
		};
		C8AE11B12DB275AD00B29E7E /* Frameworks */ = {
			isa = PBXFrameworksBuildPhase;
			buildActionMask = 2147483647;
			files = (
			);
			runOnlyForDeploymentPostprocessing = 0;
		};
/* End PBXFrameworksBuildPhase section */

/* Begin PBXGroup section */
		C8AE11942DB275AC00B29E7E = {
			isa = PBXGroup;
			children = (
				C8AE119F2DB275AC00B29E7E /* FFClips */,
				C8AE11AD2DB275AD00B29E7E /* FFClipsTests */,
				C8AE11B72DB275AD00B29E7E /* FFClipsUITests */,
				C8AE119E2DB275AC00B29E7E /* Products */,
			);
			sourceTree = "<group>";
		};
		C8AE119E2DB275AC00B29E7E /* Products */ = {
			isa = PBXGroup;
			children = (
				C8AE119D2DB275AC00B29E7E /* FFClips.app */,
				C8AE11AA2DB275AD00B29E7E /* FFClipsTests.xctest */,
				C8AE11B42DB275AD00B29E7E /* FFClipsUITests.xctest */,
			);
			name = Products;
			sourceTree = "<group>";
		};
/* End PBXGroup section */

/* Begin PBXNativeTarget section */
		C8AE119C2DB275AC00B29E7E /* FFClips */ = {
			isa = PBXNativeTarget;
			buildConfigurationList = C8AE11BE2DB275AD00B29E7E /* Build configuration list for PBXNativeTarget "FFClips" */;
			buildPhases = (
				C8AE11992DB275AC00B29E7E /* Sources */,
				C8AE119A2DB275AC00B29E7E /* Frameworks */,
				C8AE119B2DB275AC00B29E7E /* Resources */,
			);
			buildRules = (
			);
			dependencies = (
			);
			fileSystemSynchronizedGroups = (
				C8AE119F2DB275AC00B29E7E /* FFClips */,
			);
			name = FFClips;
			packageProductDependencies = (
			);
			productName = FFClips;
			productReference = C8AE119D2DB275AC00B29E7E /* FFClips.app */;
			productType = "com.apple.product-type.application";
		};
		C8AE11A92DB275AD00B29E7E /* FFClipsTests */ = {
			isa = PBXNativeTarget;
			buildConfigurationList = C8AE11C12DB275AD00B29E7E /* Build configuration list for PBXNativeTarget "FFClipsTests" */;
			buildPhases = (
				C8AE11A62DB275AD00B29E7E /* Sources */,
				C8AE11A72DB275AD00B29E7E /* Frameworks */,
				C8AE11A82DB275AD00B29E7E /* Resources */,
			);
			buildRules = (
			);
			dependencies = (
				C8AE11AC2DB275AD00B29E7E /* PBXTargetDependency */,
			);
			fileSystemSynchronizedGroups = (
				C8AE11AD2DB275AD00B29E7E /* FFClipsTests */,
			);
			name = FFClipsTests;
			packageProductDependencies = (
			);
			productName = FFClipsTests;
			productReference = C8AE11AA2DB275AD00B29E7E /* FFClipsTests.xctest */;
			productType = "com.apple.product-type.bundle.unit-test";
		};
		C8AE11B32DB275AD00B29E7E /* FFClipsUITests */ = {
			isa = PBXNativeTarget;
			buildConfigurationList = C8AE11C42DB275AD00B29E7E /* Build configuration list for PBXNativeTarget "FFClipsUITests" */;
			buildPhases = (
				C8AE11B02DB275AD00B29E7E /* Sources */,
				C8AE11B12DB275AD00B29E7E /* Frameworks */,
				C8AE11B22DB275AD00B29E7E /* Resources */,
			);
			buildRules = (
			);
			dependencies = (
				C8AE11B62DB275AD00B29E7E /* PBXTargetDependency */,
			);
			fileSystemSynchronizedGroups = (
				C8AE11B72DB275AD00B29E7E /* FFClipsUITests */,
			);
			name = FFClipsUITests;
			packageProductDependencies = (
			);
			productName = FFClipsUITests;
			productReference = C8AE11B42DB275AD00B29E7E /* FFClipsUITests.xctest */;
			productType = "com.apple.product-type.bundle.ui-testing";
		};
/* End PBXNativeTarget section */

/* Begin PBXProject section */
		C8AE11952DB275AC00B29E7E /* Project object */ = {
			isa = PBXProject;
			attributes = {
				BuildIndependentTargetsInParallel = 1;
				LastSwiftUpdateCheck = 1630;
				LastUpgradeCheck = 1630;
				TargetAttributes = {
					C8AE119C2DB275AC00B29E7E = {
						CreatedOnToolsVersion = 16.3;
					};
					C8AE11A92DB275AD00B29E7E = {
						CreatedOnToolsVersion = 16.3;
						TestTargetID = C8AE119C2DB275AC00B29E7E;
					};
					C8AE11B32DB275AD00B29E7E = {
						CreatedOnToolsVersion = 16.3;
						TestTargetID = C8AE119C2DB275AC00B29E7E;
					};
				};
			};
			buildConfigurationList = C8AE11982DB275AC00B29E7E /* Build configuration list for PBXProject "FFClips" */;
			developmentRegion = en;
			hasScannedForEncodings = 0;
			knownRegions = (
				en,
				Base,
			);
			mainGroup = C8AE11942DB275AC00B29E7E;
			minimizedProjectReferenceProxies = 1;
			preferredProjectObjectVersion = 77;
			productRefGroup = C8AE119E2DB275AC00B29E7E /* Products */;
			projectDirPath = "";
			projectRoot = "";
			targets = (
				C8AE119C2DB275AC00B29E7E /* FFClips */,
				C8AE11A92DB275AD00B29E7E /* FFClipsTests */,
				C8AE11B32DB275AD00B29E7E /* FFClipsUITests */,
			);
		};
/* End PBXProject section */

/* Begin PBXResourcesBuildPhase section */
		C8AE119B2DB275AC00B29E7E /* Resources */ = {
			isa = PBXResourcesBuildPhase;
			buildActionMask = 2147483647;
			files = (
			);
			runOnlyForDeploymentPostprocessing = 0;
		};
		C8AE11A82DB275AD00B29E7E /* Resources */ = {
			isa = PBXResourcesBuildPhase;
			buildActionMask = 2147483647;
			files = (
			);
			runOnlyForDeploymentPostprocessing = 0;
		};
		C8AE11B22DB275AD00B29E7E /* Resources */ = {
			isa = PBXResourcesBuildPhase;
			buildActionMask = 2147483647;
			files = (
			);
			runOnlyForDeploymentPostprocessing = 0;
		};
/* End PBXResourcesBuildPhase section */

/* Begin PBXSourcesBuildPhase section */
		C8AE11992DB275AC00B29E7E /* Sources */ = {
			isa = PBXSourcesBuildPhase;
			buildActionMask = 2147483647;
			files = (
			);
			runOnlyForDeploymentPostprocessing = 0;
		};
		C8AE11A62DB275AD00B29E7E /* Sources */ = {
			isa = PBXSourcesBuildPhase;
			buildActionMask = 2147483647;
			files = (
			);
			runOnlyForDeploymentPostprocessing = 0;
		};
		C8AE11B02DB275AD00B29E7E /* Sources */ = {
			isa = PBXSourcesBuildPhase;
			buildActionMask = 2147483647;
			files = (
			);
			runOnlyForDeploymentPostprocessing = 0;
		};
/* End PBXSourcesBuildPhase section */

/* Begin PBXTargetDependency section */
		C8AE11AC2DB275AD00B29E7E /* PBXTargetDependency */ = {
			isa = PBXTargetDependency;
			target = C8AE119C2DB275AC00B29E7E /* FFClips */;
			targetProxy = C8AE11AB2DB275AD00B29E7E /* PBXContainerItemProxy */;
		};
		C8AE11B62DB275AD00B29E7E /* PBXTargetDependency */ = {
			isa = PBXTargetDependency;
			target = C8AE119C2DB275AC00B29E7E /* FFClips */;
			targetProxy = C8AE11B52DB275AD00B29E7E /* PBXContainerItemProxy */;
		};
/* End PBXTargetDependency section */

/* Begin XCBuildConfiguration section */
		C8AE11BC2DB275AD00B29E7E /* Debug */ = {
			isa = XCBuildConfiguration;
			buildSettings = {
				ALWAYS_SEARCH_USER_PATHS = NO;
				ASSETCATALOG_COMPILER_GENERATE_SWIFT_ASSET_SYMBOL_EXTENSIONS = YES;
				CLANG_ANALYZER_NONNULL = YES;
				CLANG_ANALYZER_NUMBER_OBJECT_CONVERSION = YES_AGGRESSIVE;
				CLANG_CXX_LANGUAGE_STANDARD = "gnu++20";
				CLANG_ENABLE_MODULES = YES;
				CLANG_ENABLE_OBJC_ARC = YES;
				CLANG_ENABLE_OBJC_WEAK = YES;
				CLANG_WARN_BLOCK_CAPTURE_AUTORELEASING = YES;
				CLANG_WARN_BOOL_CONVERSION = YES;
				CLANG_WARN_COMMA = YES;
				CLANG_WARN_CONSTANT_CONVERSION = YES;
				CLANG_WARN_DEPRECATED_OBJC_IMPLEMENTATIONS = YES;
				CLANG_WARN_DIRECT_OBJC_ISA_USAGE = YES_ERROR;
				CLANG_WARN_DOCUMENTATION_COMMENTS = YES;
				CLANG_WARN_EMPTY_BODY = YES;
				CLANG_WARN_ENUM_CONVERSION = YES;
				CLANG_WARN_INFINITE_RECURSION = YES;
				CLANG_WARN_INT_CONVERSION = YES;
				CLANG_WARN_NON_LITERAL_NULL_CONVERSION = YES;
				CLANG_WARN_OBJC_IMPLICIT_RETAIN_SELF = YES;
				CLANG_WARN_OBJC_LITERAL_CONVERSION = YES;
				CLANG_WARN_OBJC_ROOT_CLASS = YES_ERROR;
				CLANG_WARN_QUOTED_INCLUDE_IN_FRAMEWORK_HEADER = YES;
				CLANG_WARN_RANGE_LOOP_ANALYSIS = YES;
				CLANG_WARN_STRICT_PROTOTYPES = YES;
				CLANG_WARN_SUSPICIOUS_MOVE = YES;
				CLANG_WARN_UNGUARDED_AVAILABILITY = YES_AGGRESSIVE;
				CLANG_WARN_UNREACHABLE_CODE = YES;
				CLANG_WARN__DUPLICATE_METHOD_MATCH = YES;
				COPY_PHASE_STRIP = NO;
				DEBUG_INFORMATION_FORMAT = dwarf;
				DEVELOPMENT_TEAM = CJFFGSG9TA;
				ENABLE_STRICT_OBJC_MSGSEND = YES;
				ENABLE_TESTABILITY = YES;
				ENABLE_USER_SCRIPT_SANDBOXING = YES;
				GCC_C_LANGUAGE_STANDARD = gnu17;
				GCC_DYNAMIC_NO_PIC = NO;
				GCC_NO_COMMON_BLOCKS = YES;
				GCC_OPTIMIZATION_LEVEL = 0;
				GCC_PREPROCESSOR_DEFINITIONS = (
					"DEBUG=1",
					"$(inherited)",
				);
				GCC_WARN_64_TO_32_BIT_CONVERSION = YES;
				GCC_WARN_ABOUT_RETURN_TYPE = YES_ERROR;
				GCC_WARN_UNDECLARED_SELECTOR = YES;
				GCC_WARN_UNINITIALIZED_AUTOS = YES_AGGRESSIVE;
				GCC_WARN_UNUSED_FUNCTION = YES;
				GCC_WARN_UNUSED_VARIABLE = YES;
				IPHONEOS_DEPLOYMENT_TARGET = 18.4;
				LOCALIZATION_PREFERS_STRING_CATALOGS = YES;
				MTL_ENABLE_DEBUG_INFO = INCLUDE_SOURCE;
				MTL_FAST_MATH = YES;
				ONLY_ACTIVE_ARCH = YES;
				SDKROOT = iphoneos;
				SWIFT_ACTIVE_COMPILATION_CONDITIONS = "DEBUG $(inherited)";
				SWIFT_OPTIMIZATION_LEVEL = "-Onone";
			};
			name = Debug;
		};
		C8AE11BD2DB275AD00B29E7E /* Release */ = {
			isa = XCBuildConfiguration;
			buildSettings = {
				ALWAYS_SEARCH_USER_PATHS = NO;
				ASSETCATALOG_COMPILER_GENERATE_SWIFT_ASSET_SYMBOL_EXTENSIONS = YES;
				CLANG_ANALYZER_NONNULL = YES;
				CLANG_ANALYZER_NUMBER_OBJECT_CONVERSION = YES_AGGRESSIVE;
				CLANG_CXX_LANGUAGE_STANDARD = "gnu++20";
				CLANG_ENABLE_MODULES = YES;
				CLANG_ENABLE_OBJC_ARC = YES;
				CLANG_ENABLE_OBJC_WEAK = YES;
				CLANG_WARN_BLOCK_CAPTURE_AUTORELEASING = YES;
				CLANG_WARN_BOOL_CONVERSION = YES;
				CLANG_WARN_COMMA = YES;
				CLANG_WARN_CONSTANT_CONVERSION = YES;
				CLANG_WARN_DEPRECATED_OBJC_IMPLEMENTATIONS = YES;
				CLANG_WARN_DIRECT_OBJC_ISA_USAGE = YES_ERROR;
				CLANG_WARN_DOCUMENTATION_COMMENTS = YES;
				CLANG_WARN_EMPTY_BODY = YES;
				CLANG_WARN_ENUM_CONVERSION = YES;
				CLANG_WARN_INFINITE_RECURSION = YES;
				CLANG_WARN_INT_CONVERSION = YES;
				CLANG_WARN_NON_LITERAL_NULL_CONVERSION = YES;
				CLANG_WARN_OBJC_IMPLICIT_RETAIN_SELF = YES;
				CLANG_WARN_OBJC_LITERAL_CONVERSION = YES;
				CLANG_WARN_OBJC_ROOT_CLASS = YES_ERROR;
				CLANG_WARN_QUOTED_INCLUDE_IN_FRAMEWORK_HEADER = YES;
				CLANG_WARN_RANGE_LOOP_ANALYSIS = YES;
				CLANG_WARN_STRICT_PROTOTYPES = YES;
				CLANG_WARN_SUSPICIOUS_MOVE = YES;
				CLANG_WARN_UNGUARDED_AVAILABILITY = YES_AGGRESSIVE;
				CLANG_WARN_UNREACHABLE_CODE = YES;
				CLANG_WARN__DUPLICATE_METHOD_MATCH = YES;
				COPY_PHASE_STRIP = NO;
				DEBUG_INFORMATION_FORMAT = "dwarf-with-dsym";
				DEVELOPMENT_TEAM = CJFFGSG9TA;
				ENABLE_NS_ASSERTIONS = NO;
				ENABLE_STRICT_OBJC_MSGSEND = YES;
				ENABLE_USER_SCRIPT_SANDBOXING = YES;
				GCC_C_LANGUAGE_STANDARD = gnu17;
				GCC_NO_COMMON_BLOCKS = YES;
				GCC_WARN_64_TO_32_BIT_CONVERSION = YES;
				GCC_WARN_ABOUT_RETURN_TYPE = YES_ERROR;
				GCC_WARN_UNDECLARED_SELECTOR = YES;
				GCC_WARN_UNINITIALIZED_AUTOS = YES_AGGRESSIVE;
				GCC_WARN_UNUSED_FUNCTION = YES;
				GCC_WARN_UNUSED_VARIABLE = YES;
				IPHONEOS_DEPLOYMENT_TARGET = 18.4;
				LOCALIZATION_PREFERS_STRING_CATALOGS = YES;
				MTL_ENABLE_DEBUG_INFO = NO;
				MTL_FAST_MATH = YES;
				SDKROOT = iphoneos;
				SWIFT_COMPILATION_MODE = wholemodule;
				VALIDATE_PRODUCT = YES;
			};
			name = Release;
		};
		C8AE11BF2DB275AD00B29E7E /* Debug */ = {
			isa = XCBuildConfiguration;
			buildSettings = {
				ASSETCATALOG_COMPILER_APPICON_NAME = AppIcon;
				ASSETCATALOG_COMPILER_GLOBAL_ACCENT_COLOR_NAME = AccentColor;
				CODE_SIGN_STYLE = Automatic;
				CURRENT_PROJECT_VERSION = 1;
				DEVELOPMENT_TEAM = CJFFGSG9TA;
				ENABLE_PREVIEWS = YES;
				GENERATE_INFOPLIST_FILE = YES;
				INFOPLIST_KEY_UIApplicationSceneManifest_Generation = YES;
				INFOPLIST_KEY_UIApplicationSupportsIndirectInputEvents = YES;
				INFOPLIST_KEY_UILaunchScreen_Generation = YES;
				INFOPLIST_KEY_UISupportedInterfaceOrientations_iPad = "UIInterfaceOrientationPortrait UIInterfaceOrientationPortraitUpsideDown UIInterfaceOrientationLandscapeLeft UIInterfaceOrientationLandscapeRight";
				INFOPLIST_KEY_UISupportedInterfaceOrientations_iPhone = "UIInterfaceOrientationPortrait UIInterfaceOrientationLandscapeLeft UIInterfaceOrientationLandscapeRight";
				LD_RUNPATH_SEARCH_PATHS = (
					"$(inherited)",
					"@executable_path/Frameworks",
				);
				MARKETING_VERSION = 1.0;
				PRODUCT_BUNDLE_IDENTIFIER = feiyehua.FFClips;
				PRODUCT_NAME = "$(TARGET_NAME)";
				SWIFT_EMIT_LOC_STRINGS = YES;
				SWIFT_VERSION = 5.0;
				TARGETED_DEVICE_FAMILY = "1,2";
			};
			name = Debug;
		};
		C8AE11C02DB275AD00B29E7E /* Release */ = {
			isa = XCBuildConfiguration;
			buildSettings = {
				ASSETCATALOG_COMPILER_APPICON_NAME = AppIcon;
				ASSETCATALOG_COMPILER_GLOBAL_ACCENT_COLOR_NAME = AccentColor;
				CODE_SIGN_STYLE = Automatic;
				CURRENT_PROJECT_VERSION = 1;
				DEVELOPMENT_TEAM = CJFFGSG9TA;
				ENABLE_PREVIEWS = YES;
				GENERATE_INFOPLIST_FILE = YES;
				INFOPLIST_KEY_UIApplicationSceneManifest_Generation = YES;
				INFOPLIST_KEY_UIApplicationSupportsIndirectInputEvents = YES;
				INFOPLIST_KEY_UILaunchScreen_Generation = YES;
				INFOPLIST_KEY_UISupportedInterfaceOrientations_iPad = "UIInterfaceOrientationPortrait UIInterfaceOrientationPortraitUpsideDown UIInterfaceOrientationLandscapeLeft UIInterfaceOrientationLandscapeRight";
				INFOPLIST_KEY_UISupportedInterfaceOrientations_iPhone = "UIInterfaceOrientationPortrait UIInterfaceOrientationLandscapeLeft UIInterfaceOrientationLandscapeRight";
				LD_RUNPATH_SEARCH_PATHS = (
					"$(inherited)",
					"@executable_path/Frameworks",
				);
				MARKETING_VERSION = 1.0;
				PRODUCT_BUNDLE_IDENTIFIER = feiyehua.FFClips;
				PRODUCT_NAME = "$(TARGET_NAME)";
				SWIFT_EMIT_LOC_STRINGS = YES;
				SWIFT_VERSION = 5.0;
				TARGETED_DEVICE_FAMILY = "1,2";
			};
			name = Release;
		};
		C8AE11C22DB275AD00B29E7E /* Debug */ = {
			isa = XCBuildConfiguration;
			buildSettings = {
				BUNDLE_LOADER = "$(TEST_HOST)";
				CODE_SIGN_STYLE = Automatic;
				CURRENT_PROJECT_VERSION = 1;
				DEVELOPMENT_TEAM = CJFFGSG9TA;
				GENERATE_INFOPLIST_FILE = YES;
				IPHONEOS_DEPLOYMENT_TARGET = 18.4;
				MARKETING_VERSION = 1.0;
				PRODUCT_BUNDLE_IDENTIFIER = feiyehua.FFClipsTests;
				PRODUCT_NAME = "$(TARGET_NAME)";
				SWIFT_EMIT_LOC_STRINGS = NO;
				SWIFT_VERSION = 5.0;
				TARGETED_DEVICE_FAMILY = "1,2";
				TEST_HOST = "$(BUILT_PRODUCTS_DIR)/FFClips.app/$(BUNDLE_EXECUTABLE_FOLDER_PATH)/FFClips";
			};
			name = Debug;
		};
		C8AE11C32DB275AD00B29E7E /* Release */ = {
			isa = XCBuildConfiguration;
			buildSettings = {
				BUNDLE_LOADER = "$(TEST_HOST)";
				CODE_SIGN_STYLE = Automatic;
				CURRENT_PROJECT_VERSION = 1;
				DEVELOPMENT_TEAM = CJFFGSG9TA;
				GENERATE_INFOPLIST_FILE = YES;
				IPHONEOS_DEPLOYMENT_TARGET = 18.4;
				MARKETING_VERSION = 1.0;
				PRODUCT_BUNDLE_IDENTIFIER = feiyehua.FFClipsTests;
				PRODUCT_NAME = "$(TARGET_NAME)";
				SWIFT_EMIT_LOC_STRINGS = NO;
				SWIFT_VERSION = 5.0;
				TARGETED_DEVICE_FAMILY = "1,2";
				TEST_HOST = "$(BUILT_PRODUCTS_DIR)/FFClips.app/$(BUNDLE_EXECUTABLE_FOLDER_PATH)/FFClips";
			};
			name = Release;
		};
		C8AE11C52DB275AD00B29E7E /* Debug */ = {
			isa = XCBuildConfiguration;
			buildSettings = {
				CODE_SIGN_STYLE = Automatic;
				CURRENT_PROJECT_VERSION = 1;
				DEVELOPMENT_TEAM = CJFFGSG9TA;
				GENERATE_INFOPLIST_FILE = YES;
				MARKETING_VERSION = 1.0;
				PRODUCT_BUNDLE_IDENTIFIER = feiyehua.FFClipsUITests;
				PRODUCT_NAME = "$(TARGET_NAME)";
				SWIFT_EMIT_LOC_STRINGS = NO;
				SWIFT_VERSION = 5.0;
				TARGETED_DEVICE_FAMILY = "1,2";
				TEST_TARGET_NAME = FFClips;
			};
			name = Debug;
		};
		C8AE11C62DB275AD00B29E7E /* Release */ = {
			isa = XCBuildConfiguration;
			buildSettings = {
				CODE_SIGN_STYLE = Automatic;
				CURRENT_PROJECT_VERSION = 1;
				DEVELOPMENT_TEAM = CJFFGSG9TA;
				GENERATE_INFOPLIST_FILE = YES;
				MARKETING_VERSION = 1.0;
				PRODUCT_BUNDLE_IDENTIFIER = feiyehua.FFClipsUITests;
				PRODUCT_NAME = "$(TARGET_NAME)";
				SWIFT_EMIT_LOC_STRINGS = NO;
				SWIFT_VERSION = 5.0;
				TARGETED_DEVICE_FAMILY = "1,2";
				TEST_TARGET_NAME = FFClips;
			};
			name = Release;
		};
/* End XCBuildConfiguration section */

/* Begin XCConfigurationList section */
		C8AE11982DB275AC00B29E7E /* Build configuration list for PBXProject "FFClips" */ = {
			isa = XCConfigurationList;
			buildConfigurations = (
				C8AE11BC2DB275AD00B29E7E /* Debug */,
				C8AE11BD2DB275AD00B29E7E /* Release */,
			);
			defaultConfigurationIsVisible = 0;
			defaultConfigurationName = Release;
		};
		C8AE11BE2DB275AD00B29E7E /* Build configuration list for PBXNativeTarget "FFClips" */ = {
			isa = XCConfigurationList;
			buildConfigurations = (
				C8AE11BF2DB275AD00B29E7E /* Debug */,
				C8AE11C02DB275AD00B29E7E /* Release */,
			);
			defaultConfigurationIsVisible = 0;
			defaultConfigurationName = Release;
		};
		C8AE11C12DB275AD00B29E7E /* Build configuration list for PBXNativeTarget "FFClipsTests" */ = {
			isa = XCConfigurationList;
			buildConfigurations = (
				C8AE11C22DB275AD00B29E7E /* Debug */,
				C8AE11C32DB275AD00B29E7E /* Release */,
			);
			defaultConfigurationIsVisible = 0;
			defaultConfigurationName = Release;
		};
		C8AE11C42DB275AD00B29E7E /* Build configuration list for PBXNativeTarget "FFClipsUITests" */ = {
			isa = XCConfigurationList;
			buildConfigurations = (
				C8AE11C52DB275AD00B29E7E /* Debug */,
				C8AE11C62DB275AD00B29E7E /* Release */,
			);
			defaultConfigurationIsVisible = 0;
			defaultConfigurationName = Release;
		};
/* End XCConfigurationList section */
	};
	rootObject = C8AE11952DB275AC00B29E7E /* Project object */;
}
